<Solution>
	<Folder Name="/Solution Items/">
		<File Path=".editorconfig" />
		<File Path=".gitattributes" />
		<File Path=".gitignore" />
		<File Path="linux/publish.sh" />
		<File Path="linux/discord-lib-dev-tracking.service" />
		<File Path="renovate.json" />
		<File Path="LICENSE.md" />
		<File Path="LICENSE_NOTICE.md" />
		<File Path="README.md" />
	</Folder>
	<Project Path="src/AITSYS.Discord.LibraryDevelopmentTracking.csproj" />
</Solution>
